Microsoft Visual Studio Solution File, Format Version 12.00
# Visual Studio Version 17
VisualStudioVersion = 17.5.2.0
MinimumVisualStudioVersion = 10.0.40219.1
Project("{FAE04EC0-301F-11D3-BF4B-00C04F79EFBC}") = "ErnestPortfolio", "ErnestPortfolio.csproj", "{C6E38809-4903-72D2-06CB-B76E00496C9E}"
EndProject
Global
	GlobalSection(SolutionConfigurationPlatforms) = preSolution
		Debug|Any CPU = Debug|Any CPU
		Release|Any CPU = Release|Any CPU
	EndGlobalSection
	GlobalSection(ProjectConfigurationPlatforms) = postSolution
		{C6E38809-4903-72D2-06CB-B76E00496C9E}.Debug|Any CPU.ActiveCfg = Debug|Any CPU
		{C6E38809-4903-72D2-06CB-B76E00496C9E}.Debug|Any CPU.Build.0 = Debug|Any CPU
		{C6E38809-4903-72D2-06CB-B76E00496C9E}.Release|Any CPU.ActiveCfg = Release|Any CPU
		{C6E38809-4903-72D2-06CB-B76E00496C9E}.Release|Any CPU.Build.0 = Release|Any CPU
	EndGlobalSection
	GlobalSection(SolutionProperties) = preSolution
		HideSolutionNode = FALSE
	EndGlobalSection
	GlobalSection(ExtensibilityGlobals) = postSolution
		SolutionGuid = {3E3D4BA7-6D9F-435B-8D3C-B24C748E5463}
	EndGlobalSection
EndGlobal
